
Microsoft Visual Studio Solution File, Format Version 12.00
# Visual Studio Version 17
VisualStudioVersion = 17.5.002.0
MinimumVisualStudioVersion = 10.0.40219.1
Project("{9A19103F-16F7-4668-BE54-9A1E7A4F7556}") = "Task4", "Task4.csproj", "{F50A9B49-710B-4152-BE22-94BFE2CDB49E}"
EndProject
Global
	GlobalSection(SolutionConfigurationPlatforms) = preSolution
		Debug|Any CPU = Debug|Any CPU
		Release|Any CPU = Release|Any CPU
	EndGlobalSection
	GlobalSection(ProjectConfigurationPlatforms) = postSolution
		{F50A9B49-710B-4152-BE22-94BFE2CDB49E}.Debug|Any CPU.ActiveCfg = Debug|Any CPU
		{F50A9B49-710B-4152-BE22-94BFE2CDB49E}.Debug|Any CPU.Build.0 = Debug|Any CPU
		{F50A9B49-710B-4152-BE22-94BFE2CDB49E}.Release|Any CPU.ActiveCfg = Release|Any CPU
		{F50A9B49-710B-4152-BE22-94BFE2CDB49E}.Release|Any CPU.Build.0 = Release|Any CPU
	EndGlobalSection
	GlobalSection(SolutionProperties) = preSolution
		HideSolutionNode = FALSE
	EndGlobalSection
	GlobalSection(ExtensibilityGlobals) = postSolution
		SolutionGuid = {0E05CCEE-9CB0-4938-A5AD-098AF365FC31}
	EndGlobalSection
EndGlobal
